
Microsoft Visual Studio Solution File, Format Version 12.00
# Visual Studio Version 17
VisualStudioVersion = 17.0.32014.148
MinimumVisualStudioVersion = 10.0.40219.1
Project("{9A19103F-16F7-4668-BE54-9A1E7A4F7556}") = "Blog", "Blog\Blog.csproj", "{39BA6839-4C40-49A6-8AC3-321524645B3E}"
EndProject
Global
	GlobalSection(SolutionConfigurationPlatforms) = preSolution
		Debug|Any CPU = Debug|Any CPU
		Release|Any CPU = Release|Any CPU
	EndGlobalSection
	GlobalSection(ProjectConfigurationPlatforms) = postSolution
		{39BA6839-4C40-49A6-8AC3-321524645B3E}.Debug|Any CPU.ActiveCfg = Debug|Any CPU
		{39BA6839-4C40-49A6-8AC3-321524645B3E}.Debug|Any CPU.Build.0 = Debug|Any CPU
		{39BA6839-4C40-49A6-8AC3-321524645B3E}.Release|Any CPU.ActiveCfg = Release|Any CPU
		{39BA6839-4C40-49A6-8AC3-321524645B3E}.Release|Any CPU.Build.0 = Release|Any CPU
	EndGlobalSection
	GlobalSection(SolutionProperties) = preSolution
		HideSolutionNode = FALSE
	EndGlobalSection
	GlobalSection(ExtensibilityGlobals) = postSolution
		SolutionGuid = {8E2B077A-AA10-4851-936C-476879D76053}
	EndGlobalSection
EndGlobal
